
Microsoft Visual Studio Solution File, Format Version 12.00
# Visual Studio Version 16
VisualStudioVersion = 16.0.31105.61
MinimumVisualStudioVersion = 10.0.40219.1
Project("{9A19103F-16F7-4668-BE54-9A1E7A4F7556}") = "ValorScrim", "ValorParty\ValorScrim.csproj", "{612F10DB-F9DA-4978-BE87-B8DA5E660B6E}"
EndProject
Global
	GlobalSection(SolutionConfigurationPlatforms) = preSolution
		Debug|Any CPU = Debug|Any CPU
		Release|Any CPU = Release|Any CPU
	EndGlobalSection
	GlobalSection(ProjectConfigurationPlatforms) = postSolution
		{612F10DB-F9DA-4978-BE87-B8DA5E660B6E}.Debug|Any CPU.ActiveCfg = Debug|Any CPU
		{612F10DB-F9DA-4978-BE87-B8DA5E660B6E}.Debug|Any CPU.Build.0 = Debug|Any CPU
		{612F10DB-F9DA-4978-BE87-B8DA5E660B6E}.Release|Any CPU.ActiveCfg = Release|Any CPU
		{612F10DB-F9DA-4978-BE87-B8DA5E660B6E}.Release|Any CPU.Build.0 = Release|Any CPU
	EndGlobalSection
	GlobalSection(SolutionProperties) = preSolution
		HideSolutionNode = FALSE
	EndGlobalSection
	GlobalSection(ExtensibilityGlobals) = postSolution
		SolutionGuid = {27E372A6-08B3-4896-82C1-ED6118067A11}
	EndGlobalSection
EndGlobal
